{
  "name": "Website",
  "lockfileVersion": 2,
  "requires": true,
  "packages": {
    "": {
      "dependencies": {
        "pastel.css": "^1.6.5"
      }
    },
    "node_modules/pastel.css": {
      "version": "1.6.5",
      "resolved": "https://registry.npmjs.org/pastel.css/-/pastel.css-1.6.5.tgz",
      "integrity": "sha512-7vHyjZ5eMrBI2OsjPB1j+vGHfrumSdxxI93c+hrfQMKo/31p5vHQpm+erF6IFn3cMUHbQ4/+dJCqQCVLCGT8jQ=="
    }
  },
  "dependencies": {
    "pastel.css": {
      "version": "1.6.5",
      "resolved": "https://registry.npmjs.org/pastel.css/-/pastel.css-1.6.5.tgz",
      "integrity": "sha512-7vHyjZ5eMrBI2OsjPB1j+vGHfrumSdxxI93c+hrfQMKo/31p5vHQpm+erF6IFn3cMUHbQ4/+dJCqQCVLCGT8jQ=="
    }
  }
}
