{
  "name": "Website",
  "lockfileVersion": 2,
  "requires": true,
  "packages": {
    "": {
      "dependencies": {
        "pastel.css": "^1.1.1"
      }
    },
    "node_modules/pastel.css": {
      "version": "1.1.2",
      "resolved": "https://registry.npmjs.org/pastel.css/-/pastel.css-1.1.2.tgz",
      "integrity": "sha512-JdsX1EoQKbcIjmnjijXh3fNRBWYV8s4FuZay59TAI6uudxG5j5JV2U2AtQ5P7YKQb8KkeK94jwzKt4GSDKR4oA=="
    }
  },
  "dependencies": {
    "pastel.css": {
      "version": "1.1.2",
      "resolved": "https://registry.npmjs.org/pastel.css/-/pastel.css-1.1.2.tgz",
      "integrity": "sha512-JdsX1EoQKbcIjmnjijXh3fNRBWYV8s4FuZay59TAI6uudxG5j5JV2U2AtQ5P7YKQb8KkeK94jwzKt4GSDKR4oA=="
    }
  }
}
