{
  "name": "pastel-site",
  "lockfileVersion": 2,
  "requires": true,
  "packages": {
    "": {
      "dependencies": {
        "@appbaseio/searchbase": "^1.7.0",
        "@appbaseio/searchbox": "^1.1.0-beta",
        "animejs": "^3.2.1"
      }
    },
    "node_modules/@appbaseio/analytics": {
      "version": "2.1.0-beta",
      "resolved": "https://registry.npmjs.org/@appbaseio/analytics/-/analytics-2.1.0-beta.tgz",
      "integrity": "sha512-99e7SkDVoFW99PEVnpp9n+MM5u7ZTK9hwVAuOJN9fpR7EkftHYEmvCiPf7HzObweb3PwqFjCQT4597cGNNTOgQ==",
      "dependencies": {
        "cross-fetch": "^3.0.4"
      }
    },
    "node_modules/@appbaseio/searchbase": {
      "version": "1.7.0",
      "resolved": "https://registry.npmjs.org/@appbaseio/searchbase/-/searchbase-1.7.0.tgz",
      "integrity": "sha512-wAQfaa6CNX/+UTYC/0b0fNLrnDBD6PmFRKKEUKZ5iGIUox5vosg85ZfRPWnISrQ/BXlgZPrxbHFhcAqZ0cYwFg==",
      "dependencies": {
        "@appbaseio/analytics": "^2.1.0-beta",
        "cross-fetch": "^3.0.4"
      }
    },
    "node_modules/@appbaseio/searchbox": {
      "version": "1.1.0-beta",
      "resolved": "https://registry.npmjs.org/@appbaseio/searchbox/-/searchbox-1.1.0-beta.tgz",
      "integrity": "sha512-8pO7OhVGqgH82Kv0LJKIqHUk/J5N+fYGtsKtBvCVkhJJG0s3YUepzaAbnSosKi4zWQke7EFiVr+382SIdkUU4w==",
      "dependencies": {
        "immediate": "^3.2.3"
      }
    },
    "node_modules/animejs": {
      "version": "3.2.1",
      "resolved": "https://registry.npmjs.org/animejs/-/animejs-3.2.1.tgz",
      "integrity": "sha512-sWno3ugFryK5nhiDm/2BKeFCpZv7vzerWUcUPyAZLDhMek3+S/p418ldZJbJXo5ZUOpfm2kP2XRO4NJcULMy9A=="
    },
    "node_modules/cross-fetch": {
      "version": "3.1.5",
      "resolved": "https://registry.npmjs.org/cross-fetch/-/cross-fetch-3.1.5.tgz",
      "integrity": "sha512-lvb1SBsI0Z7GDwmuid+mU3kWVBwTVUbe7S0H52yaaAdQOXq2YktTCZdlAcNKFzE6QtRz0snpw9bNiPeOIkkQvw==",
      "dependencies": {
        "node-fetch": "2.6.7"
      }
    },
    "node_modules/immediate": {
      "version": "3.3.0",
      "resolved": "https://registry.npmjs.org/immediate/-/immediate-3.3.0.tgz",
      "integrity": "sha512-HR7EVodfFUdQCTIeySw+WDRFJlPcLOJbXfwwZ7Oom6tjsvZ3bOkCDJHehQC3nxJrv7+f9XecwazynjU8e4Vw3Q=="
    },
    "node_modules/node-fetch": {
      "version": "2.6.7",
      "resolved": "https://registry.npmjs.org/node-fetch/-/node-fetch-2.6.7.tgz",
      "integrity": "sha512-ZjMPFEfVx5j+y2yF35Kzx5sF7kDzxuDj6ziH4FFbOp87zKDZNx8yExJIb05OGF4Nlt9IHFIMBkRl41VdvcNdbQ==",
      "dependencies": {
        "whatwg-url": "^5.0.0"
      },
      "engines": {
        "node": "4.x || >=6.0.0"
      },
      "peerDependencies": {
        "encoding": "^0.1.0"
      },
      "peerDependenciesMeta": {
        "encoding": {
          "optional": true
        }
      }
    },
    "node_modules/tr46": {
      "version": "0.0.3",
      "resolved": "https://registry.npmjs.org/tr46/-/tr46-0.0.3.tgz",
      "integrity": "sha1-gYT9NH2snNwYWZLzpmIuFLnZq2o="
    },
    "node_modules/webidl-conversions": {
      "version": "3.0.1",
      "resolved": "https://registry.npmjs.org/webidl-conversions/-/webidl-conversions-3.0.1.tgz",
      "integrity": "sha1-JFNCdeKnvGvnvIZhHMFq4KVlSHE="
    },
    "node_modules/whatwg-url": {
      "version": "5.0.0",
      "resolved": "https://registry.npmjs.org/whatwg-url/-/whatwg-url-5.0.0.tgz",
      "integrity": "sha1-lmRU6HZUYuN2RNNib2dCzotwll0=",
      "dependencies": {
        "tr46": "~0.0.3",
        "webidl-conversions": "^3.0.0"
      }
    }
  },
  "dependencies": {
    "@appbaseio/analytics": {
      "version": "2.1.0-beta",
      "resolved": "https://registry.npmjs.org/@appbaseio/analytics/-/analytics-2.1.0-beta.tgz",
      "integrity": "sha512-99e7SkDVoFW99PEVnpp9n+MM5u7ZTK9hwVAuOJN9fpR7EkftHYEmvCiPf7HzObweb3PwqFjCQT4597cGNNTOgQ==",
      "requires": {
        "cross-fetch": "^3.0.4"
      }
    },
    "@appbaseio/searchbase": {
      "version": "1.7.0",
      "resolved": "https://registry.npmjs.org/@appbaseio/searchbase/-/searchbase-1.7.0.tgz",
      "integrity": "sha512-wAQfaa6CNX/+UTYC/0b0fNLrnDBD6PmFRKKEUKZ5iGIUox5vosg85ZfRPWnISrQ/BXlgZPrxbHFhcAqZ0cYwFg==",
      "requires": {
        "@appbaseio/analytics": "^2.1.0-beta",
        "cross-fetch": "^3.0.4"
      }
    },
    "@appbaseio/searchbox": {
      "version": "1.1.0-beta",
      "resolved": "https://registry.npmjs.org/@appbaseio/searchbox/-/searchbox-1.1.0-beta.tgz",
      "integrity": "sha512-8pO7OhVGqgH82Kv0LJKIqHUk/J5N+fYGtsKtBvCVkhJJG0s3YUepzaAbnSosKi4zWQke7EFiVr+382SIdkUU4w==",
      "requires": {
        "immediate": "^3.2.3"
      }
    },
    "animejs": {
      "version": "3.2.1",
      "resolved": "https://registry.npmjs.org/animejs/-/animejs-3.2.1.tgz",
      "integrity": "sha512-sWno3ugFryK5nhiDm/2BKeFCpZv7vzerWUcUPyAZLDhMek3+S/p418ldZJbJXo5ZUOpfm2kP2XRO4NJcULMy9A=="
    },
    "cross-fetch": {
      "version": "3.1.5",
      "resolved": "https://registry.npmjs.org/cross-fetch/-/cross-fetch-3.1.5.tgz",
      "integrity": "sha512-lvb1SBsI0Z7GDwmuid+mU3kWVBwTVUbe7S0H52yaaAdQOXq2YktTCZdlAcNKFzE6QtRz0snpw9bNiPeOIkkQvw==",
      "requires": {
        "node-fetch": "2.6.7"
      }
    },
    "immediate": {
      "version": "3.3.0",
      "resolved": "https://registry.npmjs.org/immediate/-/immediate-3.3.0.tgz",
      "integrity": "sha512-HR7EVodfFUdQCTIeySw+WDRFJlPcLOJbXfwwZ7Oom6tjsvZ3bOkCDJHehQC3nxJrv7+f9XecwazynjU8e4Vw3Q=="
    },
    "node-fetch": {
      "version": "2.6.7",
      "resolved": "https://registry.npmjs.org/node-fetch/-/node-fetch-2.6.7.tgz",
      "integrity": "sha512-ZjMPFEfVx5j+y2yF35Kzx5sF7kDzxuDj6ziH4FFbOp87zKDZNx8yExJIb05OGF4Nlt9IHFIMBkRl41VdvcNdbQ==",
      "requires": {
        "whatwg-url": "^5.0.0"
      }
    },
    "tr46": {
      "version": "0.0.3",
      "resolved": "https://registry.npmjs.org/tr46/-/tr46-0.0.3.tgz",
      "integrity": "sha1-gYT9NH2snNwYWZLzpmIuFLnZq2o="
    },
    "webidl-conversions": {
      "version": "3.0.1",
      "resolved": "https://registry.npmjs.org/webidl-conversions/-/webidl-conversions-3.0.1.tgz",
      "integrity": "sha1-JFNCdeKnvGvnvIZhHMFq4KVlSHE="
    },
    "whatwg-url": {
      "version": "5.0.0",
      "resolved": "https://registry.npmjs.org/whatwg-url/-/whatwg-url-5.0.0.tgz",
      "integrity": "sha1-lmRU6HZUYuN2RNNib2dCzotwll0=",
      "requires": {
        "tr46": "~0.0.3",
        "webidl-conversions": "^3.0.0"
      }
    }
  }
}
